
Microsoft Visual Studio Solution File, Format Version 12.00
# Visual Studio Version 17
VisualStudioVersion = 17.5.33627.172
MinimumVisualStudioVersion = 10.0.40219.1
Project("{9A19103F-16F7-4668-BE54-9A1E7A4F7556}") = "ZaculeuValley.IxchelAdmin", "ZaculeuValley.IxchelAdmin.csproj", "{A439AC70-2827-4D91-B0A0-E1FF2731C18A}"
EndProject
Global
	GlobalSection(SolutionConfigurationPlatforms) = preSolution
		Debug|Any CPU = Debug|Any CPU
		Release|Any CPU = Release|Any CPU
	EndGlobalSection
	GlobalSection(ProjectConfigurationPlatforms) = postSolution
		{A439AC70-2827-4D91-B0A0-E1FF2731C18A}.Debug|Any CPU.ActiveCfg = Debug|Any CPU
		{A439AC70-2827-4D91-B0A0-E1FF2731C18A}.Debug|Any CPU.Build.0 = Debug|Any CPU
		{A439AC70-2827-4D91-B0A0-E1FF2731C18A}.Release|Any CPU.ActiveCfg = Release|Any CPU
		{A439AC70-2827-4D91-B0A0-E1FF2731C18A}.Release|Any CPU.Build.0 = Release|Any CPU
	EndGlobalSection
	GlobalSection(SolutionProperties) = preSolution
		HideSolutionNode = FALSE
	EndGlobalSection
	GlobalSection(ExtensibilityGlobals) = postSolution
		SolutionGuid = {1FAB8B3C-8A8A-4F77-8FFE-61FF89023D00}
	EndGlobalSection
EndGlobal
